
Microsoft Visual Studio Solution File, Format Version 12.00
# Visual Studio 15
VisualStudioVersion = 15.0.27703.2018
MinimumVisualStudioVersion = 10.0.40219.1
Project("{FAE04EC0-301F-11D3-BF4B-00C04F79EFBC}") = "VSIXPreter", "VSIXPreter\VSIXPreter.csproj", "{F4136FD7-909B-46D3-8818-1FE05831386D}"
EndProject
Global
	GlobalSection(SolutionConfigurationPlatforms) = preSolution
		Debug|Any CPU = Debug|Any CPU
		Debug|x64 = Debug|x64
		Debug|x86 = Debug|x86
		Release|Any CPU = Release|Any CPU
		Release|x64 = Release|x64
		Release|x86 = Release|x86
	EndGlobalSection
	GlobalSection(ProjectConfigurationPlatforms) = postSolution
		{F4136FD7-909B-46D3-8818-1FE05831386D}.Debug|Any CPU.ActiveCfg = Debug|Any CPU
		{F4136FD7-909B-46D3-8818-1FE05831386D}.Debug|Any CPU.Build.0 = Debug|Any CPU
		{F4136FD7-909B-46D3-8818-1FE05831386D}.Debug|x64.ActiveCfg = Debug|x64
		{F4136FD7-909B-46D3-8818-1FE05831386D}.Debug|x64.Build.0 = Debug|x64
		{F4136FD7-909B-46D3-8818-1FE05831386D}.Debug|x86.ActiveCfg = Debug|x86
		{F4136FD7-909B-46D3-8818-1FE05831386D}.Debug|x86.Build.0 = Debug|x86
		{F4136FD7-909B-46D3-8818-1FE05831386D}.Release|Any CPU.ActiveCfg = Release|Any CPU
		{F4136FD7-909B-46D3-8818-1FE05831386D}.Release|Any CPU.Build.0 = Release|Any CPU
		{F4136FD7-909B-46D3-8818-1FE05831386D}.Release|x64.ActiveCfg = Release|x64
		{F4136FD7-909B-46D3-8818-1FE05831386D}.Release|x64.Build.0 = Release|x64
		{F4136FD7-909B-46D3-8818-1FE05831386D}.Release|x86.ActiveCfg = Release|x86
		{F4136FD7-909B-46D3-8818-1FE05831386D}.Release|x86.Build.0 = Release|x86
	EndGlobalSection
	GlobalSection(SolutionProperties) = preSolution
		HideSolutionNode = FALSE
	EndGlobalSection
	GlobalSection(ExtensibilityGlobals) = postSolution
		SolutionGuid = {EE93536D-344D-4F62-9F01-2820A5900FB4}
	EndGlobalSection
EndGlobal
